
Microsoft Visual Studio Solution File, Format Version 12.00
# Visual Studio Version 17
VisualStudioVersion = 17.7.34003.232
MinimumVisualStudioVersion = 10.0.40219.1
Project("{2150E333-8FDC-42A3-9474-1A3956D46DE8}") = "Modules", "Modules", "{BD1525C0-2E76-46C1-A693-CBE2F2D4CFDF}"
EndProject
Project("{2150E333-8FDC-42A3-9474-1A3956D46DE8}") = "Admin", "Admin", "{9FB7CAA9-CFC4-49A5-AFF0-6856E51AF9A9}"
EndProject
Project("{2150E333-8FDC-42A3-9474-1A3956D46DE8}") = "Catalog", "Catalog", "{BB3CF06E-6B7E-4866-8A73-419A463A346E}"
EndProject
Project("{9A19103F-16F7-4668-BE54-9A1E7A4F7556}") = "Modules.Admin.Domain", "Modules\Admin\Modules.Admin.Domain\Modules.Admin.Domain.csproj", "{63D2C0CD-AD2F-4BEB-A0A4-5F84CC46BB75}"
EndProject
Project("{9A19103F-16F7-4668-BE54-9A1E7A4F7556}") = "Modules.Admin.Core", "Modules\Admin\Modules.Admin.Core\Modules.Admin.Core.csproj", "{6AE60B9B-D551-4A2E-8D4E-A65638620E36}"
EndProject
Project("{9A19103F-16F7-4668-BE54-9A1E7A4F7556}") = "Modules.Admin.App", "Modules\Admin\Modules.Admin.App\Modules.Admin.App.csproj", "{62046F56-FA9E-4D45-ABC7-4ECDF3FED1B7}"
EndProject
Project("{9A19103F-16F7-4668-BE54-9A1E7A4F7556}") = "Modules.Admin.EventHub", "Modules\Admin\Modules.Admin.EventHub\Modules.Admin.EventHub.csproj", "{6A754D85-5AAF-41DC-B422-75371FADC760}"
EndProject
Project("{9A19103F-16F7-4668-BE54-9A1E7A4F7556}") = "Modules.Catalog.App", "Modules\Catalog\Modules.Catalog.App\Modules.Catalog.App.csproj", "{976E0ADB-34C7-466E-AE21-563752E945E6}"
EndProject
Project("{9A19103F-16F7-4668-BE54-9A1E7A4F7556}") = "Modules.Catalog.Domain", "Modules\Catalog\Modules.Catalog.Domain\Modules.Catalog.Domain.csproj", "{7447E6DF-EDF3-4D5D-8EC6-CA8E70980CEA}"
EndProject
Project("{9A19103F-16F7-4668-BE54-9A1E7A4F7556}") = "Modules.Catalog.Core", "Modules\Catalog\Modules.Catalog.Core\Modules.Catalog.Core.csproj", "{2D753B4E-EADC-41A9-9BD9-C393D71B3073}"
EndProject
Project("{9A19103F-16F7-4668-BE54-9A1E7A4F7556}") = "Modules.Catalog.EventHub", "Modules\Catalog\Modules.Catalog.EventHub\Modules.Catalog.EventHub.csproj", "{DDC9BA0D-3A53-4649-AC6D-152E274FB91E}"
EndProject
Project("{2150E333-8FDC-42A3-9474-1A3956D46DE8}") = "User", "User", "{B599F97B-8240-4875-9C98-2A3A95401D26}"
EndProject
Project("{9A19103F-16F7-4668-BE54-9A1E7A4F7556}") = "Modules.User.App", "Modules\User\Modules.User.App\Modules.User.App.csproj", "{E0C03575-3929-4340-8278-3E17E0080E71}"
EndProject
Project("{9A19103F-16F7-4668-BE54-9A1E7A4F7556}") = "Modules.User.Domain", "Modules\User\Modules.User.Domain\Modules.User.Domain.csproj", "{33E9AFB3-0DB5-403D-950C-E9E42CE03781}"
EndProject
Project("{9A19103F-16F7-4668-BE54-9A1E7A4F7556}") = "Modules.User.Core", "Modules\User\Modules.User.Core\Modules.User.Core.csproj", "{61D0E48B-5091-41C5-8A19-AE0F08B60B59}"
EndProject
Project("{9A19103F-16F7-4668-BE54-9A1E7A4F7556}") = "Modules.User.EventHub", "Modules\User\Modules.User.EventHub\Modules.User.EventHub.csproj", "{1F6FFF0B-DBF1-472F-99ED-398EE5B42D7F}"
EndProject
Project("{2150E333-8FDC-42A3-9474-1A3956D46DE8}") = "Base", "Base", "{564B1B65-C0A2-4764-8E77-221046DF1339}"
EndProject
Project("{9A19103F-16F7-4668-BE54-9A1E7A4F7556}") = "Base.App", "Base\Base.App\Base.App.csproj", "{B3985306-82A7-4035-8C8F-4EA0405C1692}"
EndProject
Project("{9A19103F-16F7-4668-BE54-9A1E7A4F7556}") = "Base.Domain", "Base\Base.Domain\Base.Domain.csproj", "{8D8C2FF5-8E80-4601-8A95-04D006C9E87B}"
EndProject
Project("{9A19103F-16F7-4668-BE54-9A1E7A4F7556}") = "Base.Core", "Base\Base.Core\Base.Core.csproj", "{90C04608-9E88-4E66-8C2D-6F64AAB58B26}"
EndProject
Project("{2150E333-8FDC-42A3-9474-1A3956D46DE8}") = "API", "API", "{56C49FC8-F5D7-4980-B327-6FEEA41295A6}"
EndProject
Project("{9A19103F-16F7-4668-BE54-9A1E7A4F7556}") = "MMBL.API", "API\MMBL.API\MMBL.API.csproj", "{E062E695-AAC3-4B6A-B4C0-0B365C8312AD}"
EndProject
Project("{2150E333-8FDC-42A3-9474-1A3956D46DE8}") = "Database", "Database", "{1B7D6CED-6C90-4371-B5CF-C0CD690BAA7D}"
EndProject
Project("{00D1A9C2-B5F0-4AF3-8072-F6C62B433612}") = "MMBL.Database", "Database\MMBL.Database\MMBL.Database.sqlproj", "{0D9C4407-77B9-4F20-AE12-CC6AF071AD41}"
EndProject
Global
	GlobalSection(SolutionConfigurationPlatforms) = preSolution
		Debug|Any CPU = Debug|Any CPU
		Release|Any CPU = Release|Any CPU
	EndGlobalSection
	GlobalSection(ProjectConfigurationPlatforms) = postSolution
		{63D2C0CD-AD2F-4BEB-A0A4-5F84CC46BB75}.Debug|Any CPU.ActiveCfg = Debug|Any CPU
		{63D2C0CD-AD2F-4BEB-A0A4-5F84CC46BB75}.Debug|Any CPU.Build.0 = Debug|Any CPU
		{63D2C0CD-AD2F-4BEB-A0A4-5F84CC46BB75}.Release|Any CPU.ActiveCfg = Release|Any CPU
		{63D2C0CD-AD2F-4BEB-A0A4-5F84CC46BB75}.Release|Any CPU.Build.0 = Release|Any CPU
		{6AE60B9B-D551-4A2E-8D4E-A65638620E36}.Debug|Any CPU.ActiveCfg = Debug|Any CPU
		{6AE60B9B-D551-4A2E-8D4E-A65638620E36}.Debug|Any CPU.Build.0 = Debug|Any CPU
		{6AE60B9B-D551-4A2E-8D4E-A65638620E36}.Release|Any CPU.ActiveCfg = Release|Any CPU
		{6AE60B9B-D551-4A2E-8D4E-A65638620E36}.Release|Any CPU.Build.0 = Release|Any CPU
		{62046F56-FA9E-4D45-ABC7-4ECDF3FED1B7}.Debug|Any CPU.ActiveCfg = Debug|Any CPU
		{62046F56-FA9E-4D45-ABC7-4ECDF3FED1B7}.Debug|Any CPU.Build.0 = Debug|Any CPU
		{62046F56-FA9E-4D45-ABC7-4ECDF3FED1B7}.Release|Any CPU.ActiveCfg = Release|Any CPU
		{62046F56-FA9E-4D45-ABC7-4ECDF3FED1B7}.Release|Any CPU.Build.0 = Release|Any CPU
		{6A754D85-5AAF-41DC-B422-75371FADC760}.Debug|Any CPU.ActiveCfg = Debug|Any CPU
		{6A754D85-5AAF-41DC-B422-75371FADC760}.Debug|Any CPU.Build.0 = Debug|Any CPU
		{6A754D85-5AAF-41DC-B422-75371FADC760}.Release|Any CPU.ActiveCfg = Release|Any CPU
		{6A754D85-5AAF-41DC-B422-75371FADC760}.Release|Any CPU.Build.0 = Release|Any CPU
		{976E0ADB-34C7-466E-AE21-563752E945E6}.Debug|Any CPU.ActiveCfg = Debug|Any CPU
		{976E0ADB-34C7-466E-AE21-563752E945E6}.Debug|Any CPU.Build.0 = Debug|Any CPU
		{976E0ADB-34C7-466E-AE21-563752E945E6}.Release|Any CPU.ActiveCfg = Release|Any CPU
		{976E0ADB-34C7-466E-AE21-563752E945E6}.Release|Any CPU.Build.0 = Release|Any CPU
		{7447E6DF-EDF3-4D5D-8EC6-CA8E70980CEA}.Debug|Any CPU.ActiveCfg = Debug|Any CPU
		{7447E6DF-EDF3-4D5D-8EC6-CA8E70980CEA}.Debug|Any CPU.Build.0 = Debug|Any CPU
		{7447E6DF-EDF3-4D5D-8EC6-CA8E70980CEA}.Release|Any CPU.ActiveCfg = Release|Any CPU
		{7447E6DF-EDF3-4D5D-8EC6-CA8E70980CEA}.Release|Any CPU.Build.0 = Release|Any CPU
		{2D753B4E-EADC-41A9-9BD9-C393D71B3073}.Debug|Any CPU.ActiveCfg = Debug|Any CPU
		{2D753B4E-EADC-41A9-9BD9-C393D71B3073}.Debug|Any CPU.Build.0 = Debug|Any CPU
		{2D753B4E-EADC-41A9-9BD9-C393D71B3073}.Release|Any CPU.ActiveCfg = Release|Any CPU
		{2D753B4E-EADC-41A9-9BD9-C393D71B3073}.Release|Any CPU.Build.0 = Release|Any CPU
		{DDC9BA0D-3A53-4649-AC6D-152E274FB91E}.Debug|Any CPU.ActiveCfg = Debug|Any CPU
		{DDC9BA0D-3A53-4649-AC6D-152E274FB91E}.Debug|Any CPU.Build.0 = Debug|Any CPU
		{DDC9BA0D-3A53-4649-AC6D-152E274FB91E}.Release|Any CPU.ActiveCfg = Release|Any CPU
		{DDC9BA0D-3A53-4649-AC6D-152E274FB91E}.Release|Any CPU.Build.0 = Release|Any CPU
		{E0C03575-3929-4340-8278-3E17E0080E71}.Debug|Any CPU.ActiveCfg = Debug|Any CPU
		{E0C03575-3929-4340-8278-3E17E0080E71}.Debug|Any CPU.Build.0 = Debug|Any CPU
		{E0C03575-3929-4340-8278-3E17E0080E71}.Release|Any CPU.ActiveCfg = Release|Any CPU
		{E0C03575-3929-4340-8278-3E17E0080E71}.Release|Any CPU.Build.0 = Release|Any CPU
		{33E9AFB3-0DB5-403D-950C-E9E42CE03781}.Debug|Any CPU.ActiveCfg = Debug|Any CPU
		{33E9AFB3-0DB5-403D-950C-E9E42CE03781}.Debug|Any CPU.Build.0 = Debug|Any CPU
		{33E9AFB3-0DB5-403D-950C-E9E42CE03781}.Release|Any CPU.ActiveCfg = Release|Any CPU
		{33E9AFB3-0DB5-403D-950C-E9E42CE03781}.Release|Any CPU.Build.0 = Release|Any CPU
		{61D0E48B-5091-41C5-8A19-AE0F08B60B59}.Debug|Any CPU.ActiveCfg = Debug|Any CPU
		{61D0E48B-5091-41C5-8A19-AE0F08B60B59}.Debug|Any CPU.Build.0 = Debug|Any CPU
		{61D0E48B-5091-41C5-8A19-AE0F08B60B59}.Release|Any CPU.ActiveCfg = Release|Any CPU
		{61D0E48B-5091-41C5-8A19-AE0F08B60B59}.Release|Any CPU.Build.0 = Release|Any CPU
		{1F6FFF0B-DBF1-472F-99ED-398EE5B42D7F}.Debug|Any CPU.ActiveCfg = Debug|Any CPU
		{1F6FFF0B-DBF1-472F-99ED-398EE5B42D7F}.Debug|Any CPU.Build.0 = Debug|Any CPU
		{1F6FFF0B-DBF1-472F-99ED-398EE5B42D7F}.Release|Any CPU.ActiveCfg = Release|Any CPU
		{1F6FFF0B-DBF1-472F-99ED-398EE5B42D7F}.Release|Any CPU.Build.0 = Release|Any CPU
		{B3985306-82A7-4035-8C8F-4EA0405C1692}.Debug|Any CPU.ActiveCfg = Debug|Any CPU
		{B3985306-82A7-4035-8C8F-4EA0405C1692}.Debug|Any CPU.Build.0 = Debug|Any CPU
		{B3985306-82A7-4035-8C8F-4EA0405C1692}.Release|Any CPU.ActiveCfg = Release|Any CPU
		{B3985306-82A7-4035-8C8F-4EA0405C1692}.Release|Any CPU.Build.0 = Release|Any CPU
		{8D8C2FF5-8E80-4601-8A95-04D006C9E87B}.Debug|Any CPU.ActiveCfg = Debug|Any CPU
		{8D8C2FF5-8E80-4601-8A95-04D006C9E87B}.Debug|Any CPU.Build.0 = Debug|Any CPU
		{8D8C2FF5-8E80-4601-8A95-04D006C9E87B}.Release|Any CPU.ActiveCfg = Release|Any CPU
		{8D8C2FF5-8E80-4601-8A95-04D006C9E87B}.Release|Any CPU.Build.0 = Release|Any CPU
		{90C04608-9E88-4E66-8C2D-6F64AAB58B26}.Debug|Any CPU.ActiveCfg = Debug|Any CPU
		{90C04608-9E88-4E66-8C2D-6F64AAB58B26}.Debug|Any CPU.Build.0 = Debug|Any CPU
		{90C04608-9E88-4E66-8C2D-6F64AAB58B26}.Release|Any CPU.ActiveCfg = Release|Any CPU
		{90C04608-9E88-4E66-8C2D-6F64AAB58B26}.Release|Any CPU.Build.0 = Release|Any CPU
		{E062E695-AAC3-4B6A-B4C0-0B365C8312AD}.Debug|Any CPU.ActiveCfg = Debug|Any CPU
		{E062E695-AAC3-4B6A-B4C0-0B365C8312AD}.Debug|Any CPU.Build.0 = Debug|Any CPU
		{E062E695-AAC3-4B6A-B4C0-0B365C8312AD}.Release|Any CPU.ActiveCfg = Release|Any CPU
		{E062E695-AAC3-4B6A-B4C0-0B365C8312AD}.Release|Any CPU.Build.0 = Release|Any CPU
		{0D9C4407-77B9-4F20-AE12-CC6AF071AD41}.Debug|Any CPU.ActiveCfg = Debug|Any CPU
		{0D9C4407-77B9-4F20-AE12-CC6AF071AD41}.Debug|Any CPU.Build.0 = Debug|Any CPU
		{0D9C4407-77B9-4F20-AE12-CC6AF071AD41}.Debug|Any CPU.Deploy.0 = Debug|Any CPU
		{0D9C4407-77B9-4F20-AE12-CC6AF071AD41}.Release|Any CPU.ActiveCfg = Release|Any CPU
		{0D9C4407-77B9-4F20-AE12-CC6AF071AD41}.Release|Any CPU.Build.0 = Release|Any CPU
		{0D9C4407-77B9-4F20-AE12-CC6AF071AD41}.Release|Any CPU.Deploy.0 = Release|Any CPU
	EndGlobalSection
	GlobalSection(SolutionProperties) = preSolution
		HideSolutionNode = FALSE
	EndGlobalSection
	GlobalSection(NestedProjects) = preSolution
		{9FB7CAA9-CFC4-49A5-AFF0-6856E51AF9A9} = {BD1525C0-2E76-46C1-A693-CBE2F2D4CFDF}
		{BB3CF06E-6B7E-4866-8A73-419A463A346E} = {BD1525C0-2E76-46C1-A693-CBE2F2D4CFDF}
		{63D2C0CD-AD2F-4BEB-A0A4-5F84CC46BB75} = {9FB7CAA9-CFC4-49A5-AFF0-6856E51AF9A9}
		{6AE60B9B-D551-4A2E-8D4E-A65638620E36} = {9FB7CAA9-CFC4-49A5-AFF0-6856E51AF9A9}
		{62046F56-FA9E-4D45-ABC7-4ECDF3FED1B7} = {9FB7CAA9-CFC4-49A5-AFF0-6856E51AF9A9}
		{6A754D85-5AAF-41DC-B422-75371FADC760} = {9FB7CAA9-CFC4-49A5-AFF0-6856E51AF9A9}
		{976E0ADB-34C7-466E-AE21-563752E945E6} = {BB3CF06E-6B7E-4866-8A73-419A463A346E}
		{7447E6DF-EDF3-4D5D-8EC6-CA8E70980CEA} = {BB3CF06E-6B7E-4866-8A73-419A463A346E}
		{2D753B4E-EADC-41A9-9BD9-C393D71B3073} = {BB3CF06E-6B7E-4866-8A73-419A463A346E}
		{DDC9BA0D-3A53-4649-AC6D-152E274FB91E} = {BB3CF06E-6B7E-4866-8A73-419A463A346E}
		{B599F97B-8240-4875-9C98-2A3A95401D26} = {BD1525C0-2E76-46C1-A693-CBE2F2D4CFDF}
		{E0C03575-3929-4340-8278-3E17E0080E71} = {B599F97B-8240-4875-9C98-2A3A95401D26}
		{33E9AFB3-0DB5-403D-950C-E9E42CE03781} = {B599F97B-8240-4875-9C98-2A3A95401D26}
		{61D0E48B-5091-41C5-8A19-AE0F08B60B59} = {B599F97B-8240-4875-9C98-2A3A95401D26}
		{1F6FFF0B-DBF1-472F-99ED-398EE5B42D7F} = {B599F97B-8240-4875-9C98-2A3A95401D26}
		{B3985306-82A7-4035-8C8F-4EA0405C1692} = {564B1B65-C0A2-4764-8E77-221046DF1339}
		{8D8C2FF5-8E80-4601-8A95-04D006C9E87B} = {564B1B65-C0A2-4764-8E77-221046DF1339}
		{90C04608-9E88-4E66-8C2D-6F64AAB58B26} = {564B1B65-C0A2-4764-8E77-221046DF1339}
		{E062E695-AAC3-4B6A-B4C0-0B365C8312AD} = {56C49FC8-F5D7-4980-B327-6FEEA41295A6}
		{0D9C4407-77B9-4F20-AE12-CC6AF071AD41} = {1B7D6CED-6C90-4371-B5CF-C0CD690BAA7D}
	EndGlobalSection
	GlobalSection(ExtensibilityGlobals) = postSolution
		SolutionGuid = {57537462-5C88-4035-B51F-9B396E0C50E7}
	EndGlobalSection
EndGlobal
